
Microsoft Visual Studio Solution File, Format Version 12.00
# Visual Studio Version 16
VisualStudioVersion = 16.0.29926.136
MinimumVisualStudioVersion = 10.0.40219.1
Project("{FAE04EC0-301F-11D3-BF4B-00C04F79EFBC}") = "Olympiad  project code", "Olympiad  project code\Olympiad  project code.csproj", "{67ABF027-5B98-4AF2-8E05-A7F9B5507B15}"
EndProject
Global
	GlobalSection(SolutionConfigurationPlatforms) = preSolution
		Debug|Any CPU = Debug|Any CPU
		Release|Any CPU = Release|Any CPU
	EndGlobalSection
	GlobalSection(ProjectConfigurationPlatforms) = postSolution
		{67ABF027-5B98-4AF2-8E05-A7F9B5507B15}.Debug|Any CPU.ActiveCfg = Debug|Any CPU
		{67ABF027-5B98-4AF2-8E05-A7F9B5507B15}.Debug|Any CPU.Build.0 = Debug|Any CPU
		{67ABF027-5B98-4AF2-8E05-A7F9B5507B15}.Release|Any CPU.ActiveCfg = Release|Any CPU
		{67ABF027-5B98-4AF2-8E05-A7F9B5507B15}.Release|Any CPU.Build.0 = Release|Any CPU
	EndGlobalSection
	GlobalSection(SolutionProperties) = preSolution
		HideSolutionNode = FALSE
	EndGlobalSection
	GlobalSection(ExtensibilityGlobals) = postSolution
		SolutionGuid = {44A19795-C2EC-491B-929C-33694F75698B}
	EndGlobalSection
EndGlobal
